// !$*UTF8*$!
{
	archiveVersion = 1;
	classes = {
	};
	objectVersion = 46;
	objects = {

/* Begin PBXBuildFile section */
		AE343E3C1D7F4FB8008251CA /* LaunchScreen.storyboard in Resources */ = {isa = PBXBuildFile; fileRef = AE343E3A1D7F4FB8008251CA /* LaunchScreen.storyboard */; };
		AE343E3D1D7F4FB8008251CA /* Main.storyboard in Resources */ = {isa = PBXBuildFile; fileRef = AE343E3B1D7F4FB8008251CA /* Main.storyboard */; };
		AE343E401D7F50D0008251CA /* TargetListViewController.swift in Sources */ = {isa = PBXBuildFile; fileRef = AE343E3F1D7F50D0008251CA /* TargetListViewController.swift */; };
		AE343E421D7F5143008251CA /* AppDelegateSpec.swift in Sources */ = {isa = PBXBuildFile; fileRef = AE343E411D7F5143008251CA /* AppDelegateSpec.swift */; };
		AE343E651D7F624B008251CA /* Nimble.framework in Frameworks */ = {isa = PBXBuildFile; fileRef = AE343E631D7F624B008251CA /* Nimble.framework */; };
		AE343E661D7F624B008251CA /* Quick.framework in Frameworks */ = {isa = PBXBuildFile; fileRef = AE343E641D7F624B008251CA /* Quick.framework */; };
		AE343E6E1D7F66D8008251CA /* Fleet.framework in Frameworks */ = {isa = PBXBuildFile; fileRef = AE343E6D1D7F66D8008251CA /* Fleet.framework */; };
		AE343E701D7F68D9008251CA /* TargetListViewControllerSpec.swift in Sources */ = {isa = PBXBuildFile; fileRef = AE343E6F1D7F68D9008251CA /* TargetListViewControllerSpec.swift */; };
		AE343E721D7F6B15008251CA /* HTTPClient.swift in Sources */ = {isa = PBXBuildFile; fileRef = AE343E711D7F6B15008251CA /* HTTPClient.swift */; };
		AE343E7A1D7F77C5008251CA /* TargetListService.swift in Sources */ = {isa = PBXBuildFile; fileRef = AE343E791D7F77C5008251CA /* TargetListService.swift */; };
		AE343E7C1D7F7886008251CA /* TargetListServiceSpec.swift in Sources */ = {isa = PBXBuildFile; fileRef = AE343E7B1D7F7886008251CA /* TargetListServiceSpec.swift */; };
		AE343E7E1D7F7ABA008251CA /* Target.swift in Sources */ = {isa = PBXBuildFile; fileRef = AE343E7D1D7F7ABA008251CA /* Target.swift */; };
		AE343E801D7F7F44008251CA /* TargetListTableViewCell.swift in Sources */ = {isa = PBXBuildFile; fileRef = AE343E7F1D7F7F44008251CA /* TargetListTableViewCell.swift */; };
		AE343E841D7F84F9008251CA /* TargetListDataDeserializer.swift in Sources */ = {isa = PBXBuildFile; fileRef = AE343E831D7F84F9008251CA /* TargetListDataDeserializer.swift */; };
		AE343E861D7F853B008251CA /* TargetListDataDeserializerSpec.swift in Sources */ = {isa = PBXBuildFile; fileRef = AE343E851D7F853B008251CA /* TargetListDataDeserializerSpec.swift */; };
		AE343E881D7F8AA9008251CA /* NSUserDefaultsService.swift in Sources */ = {isa = PBXBuildFile; fileRef = AE343E871D7F8AA9008251CA /* NSUserDefaultsService.swift */; };
		AE4602791D81D53D001D7A34 /* BasicErrorSpec.swift in Sources */ = {isa = PBXBuildFile; fileRef = AE4602781D81D53D001D7A34 /* BasicErrorSpec.swift */; };
		AE46027D1D8217C7001D7A34 /* TeamPipelinesViewController.swift in Sources */ = {isa = PBXBuildFile; fileRef = AE46027C1D8217C7001D7A34 /* TeamPipelinesViewController.swift */; };
		AE46027F1D8217DA001D7A34 /* TeamPipelinesViewControllerSpec.swift in Sources */ = {isa = PBXBuildFile; fileRef = AE46027E1D8217DA001D7A34 /* TeamPipelinesViewControllerSpec.swift */; };
		AE4602831D821F4D001D7A34 /* TeamPipelinesService.swift in Sources */ = {isa = PBXBuildFile; fileRef = AE4602821D821F4D001D7A34 /* TeamPipelinesService.swift */; };
		AE4602851D821F64001D7A34 /* TeamPipelinesServiceSpec.swift in Sources */ = {isa = PBXBuildFile; fileRef = AE4602841D821F64001D7A34 /* TeamPipelinesServiceSpec.swift */; };
		AE4602871D8220BF001D7A34 /* Pipeline.swift in Sources */ = {isa = PBXBuildFile; fileRef = AE4602861D8220BF001D7A34 /* Pipeline.swift */; };
		AE4602891D8220D7001D7A34 /* PipelineSpec.swift in Sources */ = {isa = PBXBuildFile; fileRef = AE4602881D8220D7001D7A34 /* PipelineSpec.swift */; };
		AE46028B1D82296E001D7A34 /* PipelineTableViewCell.swift in Sources */ = {isa = PBXBuildFile; fileRef = AE46028A1D82296E001D7A34 /* PipelineTableViewCell.swift */; };
		AE46028D1D822BC5001D7A34 /* PipelineDataDeserializer.swift in Sources */ = {isa = PBXBuildFile; fileRef = AE46028C1D822BC5001D7A34 /* PipelineDataDeserializer.swift */; };
		AE46028F1D822BDC001D7A34 /* PipelineDataDeserializerSpec.swift in Sources */ = {isa = PBXBuildFile; fileRef = AE46028E1D822BDC001D7A34 /* PipelineDataDeserializerSpec.swift */; };
		AE4602921D82E470001D7A34 /* BuildsViewController.swift in Sources */ = {isa = PBXBuildFile; fileRef = AE4602911D82E470001D7A34 /* BuildsViewController.swift */; };
		AE4602941D82E490001D7A34 /* BuildsViewControllerSpec.swift in Sources */ = {isa = PBXBuildFile; fileRef = AE4602931D82E490001D7A34 /* BuildsViewControllerSpec.swift */; };
		AE4602961D82ECE1001D7A34 /* BuildsService.swift in Sources */ = {isa = PBXBuildFile; fileRef = AE4602951D82ECE1001D7A34 /* BuildsService.swift */; };
		AE4602981D82ED2F001D7A34 /* Build.swift in Sources */ = {isa = PBXBuildFile; fileRef = AE4602971D82ED2F001D7A34 /* Build.swift */; };
		AE46029A1D82ED50001D7A34 /* BuildSpec.swift in Sources */ = {isa = PBXBuildFile; fileRef = AE4602991D82ED50001D7A34 /* BuildSpec.swift */; };
		AE46029C1D82ED7D001D7A34 /* BuildsServiceSpec.swift in Sources */ = {isa = PBXBuildFile; fileRef = AE46029B1D82ED7D001D7A34 /* BuildsServiceSpec.swift */; };
		AE46029E1D82F04F001D7A34 /* BuildsDataDeserializer.swift in Sources */ = {isa = PBXBuildFile; fileRef = AE46029D1D82F04F001D7A34 /* BuildsDataDeserializer.swift */; };
		AE4602A01D82F064001D7A34 /* BuildsDataDeserializerSpec.swift in Sources */ = {isa = PBXBuildFile; fileRef = AE46029F1D82F064001D7A34 /* BuildsDataDeserializerSpec.swift */; };
		AE4602A21D82F65F001D7A34 /* BuildTableViewCell.swift in Sources */ = {isa = PBXBuildFile; fileRef = AE4602A11D82F65F001D7A34 /* BuildTableViewCell.swift */; };
		AE4602A41D82F9E5001D7A34 /* BuildsTableViewHeaderView.swift in Sources */ = {isa = PBXBuildFile; fileRef = AE4602A31D82F9E5001D7A34 /* BuildsTableViewHeaderView.swift */; };
		AE9344C31D80F29E00D6B2A9 /* TokenAuthService.swift in Sources */ = {isa = PBXBuildFile; fileRef = AE9344C21D80F29E00D6B2A9 /* TokenAuthService.swift */; };
		AE9344C51D80F2FD00D6B2A9 /* TokenAuthServiceSpec.swift in Sources */ = {isa = PBXBuildFile; fileRef = AE9344C41D80F2FD00D6B2A9 /* TokenAuthServiceSpec.swift */; };
		AE9344C71D80FAE700D6B2A9 /* TokenDataDeserializer.swift in Sources */ = {isa = PBXBuildFile; fileRef = AE9344C61D80FAE700D6B2A9 /* TokenDataDeserializer.swift */; };
		AE9344C91D80FB0400D6B2A9 /* TokenDataDeserializerSpec.swift in Sources */ = {isa = PBXBuildFile; fileRef = AE9344C81D80FB0400D6B2A9 /* TokenDataDeserializerSpec.swift */; };
		AE9344CB1D81A07500D6B2A9 /* HTTPClientSpec.swift in Sources */ = {isa = PBXBuildFile; fileRef = AE9344CA1D81A07500D6B2A9 /* HTTPClientSpec.swift */; };
		AE9344CD1D81A55100D6B2A9 /* HTTPResponse.swift in Sources */ = {isa = PBXBuildFile; fileRef = AE9344CC1D81A55100D6B2A9 /* HTTPResponse.swift */; };
		AE9344D11D81A6D600D6B2A9 /* Error.swift in Sources */ = {isa = PBXBuildFile; fileRef = AE9344D01D81A6D600D6B2A9 /* Error.swift */; };
		AE9344D51D81A7DE00D6B2A9 /* BasicError.swift in Sources */ = {isa = PBXBuildFile; fileRef = AE9344D41D81A7DE00D6B2A9 /* BasicError.swift */; };
		AE9344D71D81AA4E00D6B2A9 /* HTTPResponseImplSpec.swift in Sources */ = {isa = PBXBuildFile; fileRef = AE9344D61D81AA4E00D6B2A9 /* HTTPResponseImplSpec.swift */; };
		AE9652D01D80415000EDF682 /* DeserializationError.swift in Sources */ = {isa = PBXBuildFile; fileRef = AE9652CF1D80415000EDF682 /* DeserializationError.swift */; };
		AE9652D21D80457300EDF682 /* Token.swift in Sources */ = {isa = PBXBuildFile; fileRef = AE9652D11D80457300EDF682 /* Token.swift */; };
		AE9652D41D8046F500EDF682 /* TargetSpec.swift in Sources */ = {isa = PBXBuildFile; fileRef = AE9652D31D8046F500EDF682 /* TargetSpec.swift */; };
		AE9652D61D8048F500EDF682 /* TokenSpec.swift in Sources */ = {isa = PBXBuildFile; fileRef = AE9652D51D8048F500EDF682 /* TokenSpec.swift */; };
		AE96536E1D807F3C00EDF682 /* SwiftCoreExtensions.framework in Frameworks */ = {isa = PBXBuildFile; fileRef = AE96536D1D807F3C00EDF682 /* SwiftCoreExtensions.framework */; };
		AE9653701D80813100EDF682 /* DeserializationErrorSpec.swift in Sources */ = {isa = PBXBuildFile; fileRef = AE96536F1D80813100EDF682 /* DeserializationErrorSpec.swift */; };
		AE9653731D80D7AC00EDF682 /* AddTargetViewController.swift in Sources */ = {isa = PBXBuildFile; fileRef = AE9653721D80D7AC00EDF682 /* AddTargetViewController.swift */; };
		AE9653751D80D81C00EDF682 /* AddTargetViewControllerSpec.swift in Sources */ = {isa = PBXBuildFile; fileRef = AE9653741D80D81C00EDF682 /* AddTargetViewControllerSpec.swift */; };
		AE9653771D80DC5700EDF682 /* AddTargetDelegate.swift in Sources */ = {isa = PBXBuildFile; fileRef = AE9653761D80DC5700EDF682 /* AddTargetDelegate.swift */; };
		AEA5D50F1D7F2CEC00D76EBA /* AppDelegate.swift in Sources */ = {isa = PBXBuildFile; fileRef = AEA5D50E1D7F2CEC00D76EBA /* AppDelegate.swift */; };
		AEA5D5161D7F2CEC00D76EBA /* Assets.xcassets in Resources */ = {isa = PBXBuildFile; fileRef = AEA5D5151D7F2CEC00D76EBA /* Assets.xcassets */; };
/* End PBXBuildFile section */

/* Begin PBXContainerItemProxy section */
		AEA5D5201D7F2CEC00D76EBA /* PBXContainerItemProxy */ = {
			isa = PBXContainerItemProxy;
			containerPortal = AEA5D5031D7F2CEC00D76EBA /* Project object */;
			proxyType = 1;
			remoteGlobalIDString = AEA5D50A1D7F2CEC00D76EBA;
			remoteInfo = FrequentFlyer;
		};
/* End PBXContainerItemProxy section */

/* Begin PBXFileReference section */
		AE343E3A1D7F4FB8008251CA /* LaunchScreen.storyboard */ = {isa = PBXFileReference; fileEncoding = 4; lastKnownFileType = file.storyboard; path = LaunchScreen.storyboard; sourceTree = "<group>"; };
		AE343E3B1D7F4FB8008251CA /* Main.storyboard */ = {isa = PBXFileReference; fileEncoding = 4; lastKnownFileType = file.storyboard; path = Main.storyboard; sourceTree = "<group>"; };
		AE343E3F1D7F50D0008251CA /* TargetListViewController.swift */ = {isa = PBXFileReference; fileEncoding = 4; lastKnownFileType = sourcecode.swift; path = TargetListViewController.swift; sourceTree = "<group>"; };
		AE343E411D7F5143008251CA /* AppDelegateSpec.swift */ = {isa = PBXFileReference; fileEncoding = 4; lastKnownFileType = sourcecode.swift; path = AppDelegateSpec.swift; sourceTree = "<group>"; };
		AE343E631D7F624B008251CA /* Nimble.framework */ = {isa = PBXFileReference; lastKnownFileType = wrapper.framework; name = Nimble.framework; path = Carthage/Build/iOS/Nimble.framework; sourceTree = "<group>"; };
		AE343E641D7F624B008251CA /* Quick.framework */ = {isa = PBXFileReference; lastKnownFileType = wrapper.framework; name = Quick.framework; path = Carthage/Build/iOS/Quick.framework; sourceTree = "<group>"; };
		AE343E6D1D7F66D8008251CA /* Fleet.framework */ = {isa = PBXFileReference; lastKnownFileType = wrapper.framework; name = Fleet.framework; path = Carthage/Build/iOS/Fleet.framework; sourceTree = "<group>"; };
		AE343E6F1D7F68D9008251CA /* TargetListViewControllerSpec.swift */ = {isa = PBXFileReference; fileEncoding = 4; lastKnownFileType = sourcecode.swift; path = TargetListViewControllerSpec.swift; sourceTree = "<group>"; };
		AE343E711D7F6B15008251CA /* HTTPClient.swift */ = {isa = PBXFileReference; fileEncoding = 4; lastKnownFileType = sourcecode.swift; path = HTTPClient.swift; sourceTree = "<group>"; };
		AE343E791D7F77C5008251CA /* TargetListService.swift */ = {isa = PBXFileReference; fileEncoding = 4; lastKnownFileType = sourcecode.swift; path = TargetListService.swift; sourceTree = "<group>"; };
		AE343E7B1D7F7886008251CA /* TargetListServiceSpec.swift */ = {isa = PBXFileReference; fileEncoding = 4; lastKnownFileType = sourcecode.swift; path = TargetListServiceSpec.swift; sourceTree = "<group>"; };
		AE343E7D1D7F7ABA008251CA /* Target.swift */ = {isa = PBXFileReference; fileEncoding = 4; lastKnownFileType = sourcecode.swift; path = Target.swift; sourceTree = "<group>"; };
		AE343E7F1D7F7F44008251CA /* TargetListTableViewCell.swift */ = {isa = PBXFileReference; fileEncoding = 4; lastKnownFileType = sourcecode.swift; path = TargetListTableViewCell.swift; sourceTree = "<group>"; };
		AE343E831D7F84F9008251CA /* TargetListDataDeserializer.swift */ = {isa = PBXFileReference; fileEncoding = 4; lastKnownFileType = sourcecode.swift; path = TargetListDataDeserializer.swift; sourceTree = "<group>"; };
		AE343E851D7F853B008251CA /* TargetListDataDeserializerSpec.swift */ = {isa = PBXFileReference; fileEncoding = 4; lastKnownFileType = sourcecode.swift; path = TargetListDataDeserializerSpec.swift; sourceTree = "<group>"; };
		AE343E871D7F8AA9008251CA /* NSUserDefaultsService.swift */ = {isa = PBXFileReference; fileEncoding = 4; lastKnownFileType = sourcecode.swift; path = NSUserDefaultsService.swift; sourceTree = "<group>"; };
		AE4602781D81D53D001D7A34 /* BasicErrorSpec.swift */ = {isa = PBXFileReference; fileEncoding = 4; lastKnownFileType = sourcecode.swift; path = BasicErrorSpec.swift; sourceTree = "<group>"; };
		AE46027C1D8217C7001D7A34 /* TeamPipelinesViewController.swift */ = {isa = PBXFileReference; fileEncoding = 4; lastKnownFileType = sourcecode.swift; path = TeamPipelinesViewController.swift; sourceTree = "<group>"; };
		AE46027E1D8217DA001D7A34 /* TeamPipelinesViewControllerSpec.swift */ = {isa = PBXFileReference; fileEncoding = 4; lastKnownFileType = sourcecode.swift; path = TeamPipelinesViewControllerSpec.swift; sourceTree = "<group>"; };
		AE4602821D821F4D001D7A34 /* TeamPipelinesService.swift */ = {isa = PBXFileReference; fileEncoding = 4; lastKnownFileType = sourcecode.swift; path = TeamPipelinesService.swift; sourceTree = "<group>"; };
		AE4602841D821F64001D7A34 /* TeamPipelinesServiceSpec.swift */ = {isa = PBXFileReference; fileEncoding = 4; lastKnownFileType = sourcecode.swift; path = TeamPipelinesServiceSpec.swift; sourceTree = "<group>"; };
		AE4602861D8220BF001D7A34 /* Pipeline.swift */ = {isa = PBXFileReference; fileEncoding = 4; lastKnownFileType = sourcecode.swift; path = Pipeline.swift; sourceTree = "<group>"; };
		AE4602881D8220D7001D7A34 /* PipelineSpec.swift */ = {isa = PBXFileReference; fileEncoding = 4; lastKnownFileType = sourcecode.swift; path = PipelineSpec.swift; sourceTree = "<group>"; };
		AE46028A1D82296E001D7A34 /* PipelineTableViewCell.swift */ = {isa = PBXFileReference; fileEncoding = 4; lastKnownFileType = sourcecode.swift; path = PipelineTableViewCell.swift; sourceTree = "<group>"; };
		AE46028C1D822BC5001D7A34 /* PipelineDataDeserializer.swift */ = {isa = PBXFileReference; fileEncoding = 4; lastKnownFileType = sourcecode.swift; path = PipelineDataDeserializer.swift; sourceTree = "<group>"; };
		AE46028E1D822BDC001D7A34 /* PipelineDataDeserializerSpec.swift */ = {isa = PBXFileReference; fileEncoding = 4; lastKnownFileType = sourcecode.swift; path = PipelineDataDeserializerSpec.swift; sourceTree = "<group>"; };
		AE4602911D82E470001D7A34 /* BuildsViewController.swift */ = {isa = PBXFileReference; fileEncoding = 4; lastKnownFileType = sourcecode.swift; path = BuildsViewController.swift; sourceTree = "<group>"; };
		AE4602931D82E490001D7A34 /* BuildsViewControllerSpec.swift */ = {isa = PBXFileReference; fileEncoding = 4; lastKnownFileType = sourcecode.swift; path = BuildsViewControllerSpec.swift; sourceTree = "<group>"; };
		AE4602951D82ECE1001D7A34 /* BuildsService.swift */ = {isa = PBXFileReference; fileEncoding = 4; lastKnownFileType = sourcecode.swift; path = BuildsService.swift; sourceTree = "<group>"; };
		AE4602971D82ED2F001D7A34 /* Build.swift */ = {isa = PBXFileReference; fileEncoding = 4; lastKnownFileType = sourcecode.swift; path = Build.swift; sourceTree = "<group>"; };
		AE4602991D82ED50001D7A34 /* BuildSpec.swift */ = {isa = PBXFileReference; fileEncoding = 4; lastKnownFileType = sourcecode.swift; path = BuildSpec.swift; sourceTree = "<group>"; };
		AE46029B1D82ED7D001D7A34 /* BuildsServiceSpec.swift */ = {isa = PBXFileReference; fileEncoding = 4; lastKnownFileType = sourcecode.swift; path = BuildsServiceSpec.swift; sourceTree = "<group>"; };
		AE46029D1D82F04F001D7A34 /* BuildsDataDeserializer.swift */ = {isa = PBXFileReference; fileEncoding = 4; lastKnownFileType = sourcecode.swift; path = BuildsDataDeserializer.swift; sourceTree = "<group>"; };
		AE46029F1D82F064001D7A34 /* BuildsDataDeserializerSpec.swift */ = {isa = PBXFileReference; fileEncoding = 4; lastKnownFileType = sourcecode.swift; path = BuildsDataDeserializerSpec.swift; sourceTree = "<group>"; };
		AE4602A11D82F65F001D7A34 /* BuildTableViewCell.swift */ = {isa = PBXFileReference; fileEncoding = 4; lastKnownFileType = sourcecode.swift; path = BuildTableViewCell.swift; sourceTree = "<group>"; };
		AE4602A31D82F9E5001D7A34 /* BuildsTableViewHeaderView.swift */ = {isa = PBXFileReference; fileEncoding = 4; lastKnownFileType = sourcecode.swift; path = BuildsTableViewHeaderView.swift; sourceTree = "<group>"; };
		AE9344C21D80F29E00D6B2A9 /* TokenAuthService.swift */ = {isa = PBXFileReference; fileEncoding = 4; lastKnownFileType = sourcecode.swift; path = TokenAuthService.swift; sourceTree = "<group>"; };
		AE9344C41D80F2FD00D6B2A9 /* TokenAuthServiceSpec.swift */ = {isa = PBXFileReference; fileEncoding = 4; lastKnownFileType = sourcecode.swift; path = TokenAuthServiceSpec.swift; sourceTree = "<group>"; };
		AE9344C61D80FAE700D6B2A9 /* TokenDataDeserializer.swift */ = {isa = PBXFileReference; fileEncoding = 4; lastKnownFileType = sourcecode.swift; path = TokenDataDeserializer.swift; sourceTree = "<group>"; };
		AE9344C81D80FB0400D6B2A9 /* TokenDataDeserializerSpec.swift */ = {isa = PBXFileReference; fileEncoding = 4; lastKnownFileType = sourcecode.swift; path = TokenDataDeserializerSpec.swift; sourceTree = "<group>"; };
		AE9344CA1D81A07500D6B2A9 /* HTTPClientSpec.swift */ = {isa = PBXFileReference; fileEncoding = 4; lastKnownFileType = sourcecode.swift; path = HTTPClientSpec.swift; sourceTree = "<group>"; };
		AE9344CC1D81A55100D6B2A9 /* HTTPResponse.swift */ = {isa = PBXFileReference; fileEncoding = 4; lastKnownFileType = sourcecode.swift; path = HTTPResponse.swift; sourceTree = "<group>"; };
		AE9344D01D81A6D600D6B2A9 /* Error.swift */ = {isa = PBXFileReference; fileEncoding = 4; lastKnownFileType = sourcecode.swift; path = Error.swift; sourceTree = "<group>"; };
		AE9344D41D81A7DE00D6B2A9 /* BasicError.swift */ = {isa = PBXFileReference; fileEncoding = 4; lastKnownFileType = sourcecode.swift; path = BasicError.swift; sourceTree = "<group>"; };
		AE9344D61D81AA4E00D6B2A9 /* HTTPResponseImplSpec.swift */ = {isa = PBXFileReference; fileEncoding = 4; lastKnownFileType = sourcecode.swift; path = HTTPResponseImplSpec.swift; sourceTree = "<group>"; };
		AE9652CF1D80415000EDF682 /* DeserializationError.swift */ = {isa = PBXFileReference; fileEncoding = 4; lastKnownFileType = sourcecode.swift; path = DeserializationError.swift; sourceTree = "<group>"; };
		AE9652D11D80457300EDF682 /* Token.swift */ = {isa = PBXFileReference; fileEncoding = 4; lastKnownFileType = sourcecode.swift; path = Token.swift; sourceTree = "<group>"; };
		AE9652D31D8046F500EDF682 /* TargetSpec.swift */ = {isa = PBXFileReference; fileEncoding = 4; lastKnownFileType = sourcecode.swift; path = TargetSpec.swift; sourceTree = "<group>"; };
		AE9652D51D8048F500EDF682 /* TokenSpec.swift */ = {isa = PBXFileReference; fileEncoding = 4; lastKnownFileType = sourcecode.swift; path = TokenSpec.swift; sourceTree = "<group>"; };
		AE96536D1D807F3C00EDF682 /* SwiftCoreExtensions.framework */ = {isa = PBXFileReference; lastKnownFileType = wrapper.framework; name = SwiftCoreExtensions.framework; path = Carthage/Build/iOS/SwiftCoreExtensions.framework; sourceTree = "<group>"; };
		AE96536F1D80813100EDF682 /* DeserializationErrorSpec.swift */ = {isa = PBXFileReference; fileEncoding = 4; lastKnownFileType = sourcecode.swift; path = DeserializationErrorSpec.swift; sourceTree = "<group>"; };
		AE9653721D80D7AC00EDF682 /* AddTargetViewController.swift */ = {isa = PBXFileReference; fileEncoding = 4; lastKnownFileType = sourcecode.swift; path = AddTargetViewController.swift; sourceTree = "<group>"; };
		AE9653741D80D81C00EDF682 /* AddTargetViewControllerSpec.swift */ = {isa = PBXFileReference; fileEncoding = 4; lastKnownFileType = sourcecode.swift; path = AddTargetViewControllerSpec.swift; sourceTree = "<group>"; };
		AE9653761D80DC5700EDF682 /* AddTargetDelegate.swift */ = {isa = PBXFileReference; fileEncoding = 4; lastKnownFileType = sourcecode.swift; path = AddTargetDelegate.swift; sourceTree = "<group>"; };
		AEA5D50B1D7F2CEC00D76EBA /* FrequentFlyer.app */ = {isa = PBXFileReference; explicitFileType = wrapper.application; includeInIndex = 0; path = FrequentFlyer.app; sourceTree = BUILT_PRODUCTS_DIR; };
		AEA5D50E1D7F2CEC00D76EBA /* AppDelegate.swift */ = {isa = PBXFileReference; lastKnownFileType = sourcecode.swift; path = AppDelegate.swift; sourceTree = "<group>"; };
		AEA5D5151D7F2CEC00D76EBA /* Assets.xcassets */ = {isa = PBXFileReference; lastKnownFileType = folder.assetcatalog; path = Assets.xcassets; sourceTree = "<group>"; };
		AEA5D51A1D7F2CEC00D76EBA /* Info.plist */ = {isa = PBXFileReference; lastKnownFileType = text.plist.xml; path = Info.plist; sourceTree = "<group>"; };
		AEA5D51F1D7F2CEC00D76EBA /* FrequentFlyerTests.xctest */ = {isa = PBXFileReference; explicitFileType = wrapper.cfbundle; includeInIndex = 0; path = FrequentFlyerTests.xctest; sourceTree = BUILT_PRODUCTS_DIR; };
		AEA5D5251D7F2CEC00D76EBA /* Info.plist */ = {isa = PBXFileReference; lastKnownFileType = text.plist.xml; path = Info.plist; sourceTree = "<group>"; };
/* End PBXFileReference section */

/* Begin PBXFrameworksBuildPhase section */
		AEA5D5081D7F2CEC00D76EBA /* Frameworks */ = {
			isa = PBXFrameworksBuildPhase;
			buildActionMask = 2147483647;
			files = (
			);
			runOnlyForDeploymentPostprocessing = 0;
		};
		AEA5D51C1D7F2CEC00D76EBA /* Frameworks */ = {
			isa = PBXFrameworksBuildPhase;
			buildActionMask = 2147483647;
			files = (
				AE343E661D7F624B008251CA /* Quick.framework in Frameworks */,
				AE343E651D7F624B008251CA /* Nimble.framework in Frameworks */,
				AE343E6E1D7F66D8008251CA /* Fleet.framework in Frameworks */,
				AE96536E1D807F3C00EDF682 /* SwiftCoreExtensions.framework in Frameworks */,
			);
			runOnlyForDeploymentPostprocessing = 0;
		};
/* End PBXFrameworksBuildPhase section */

/* Begin PBXGroup section */
		AE343E681D7F628C008251CA /* Frameworks */ = {
			isa = PBXGroup;
			children = (
				AE96536D1D807F3C00EDF682 /* SwiftCoreExtensions.framework */,
				AE343E6D1D7F66D8008251CA /* Fleet.framework */,
				AE343E631D7F624B008251CA /* Nimble.framework */,
				AE343E641D7F624B008251CA /* Quick.framework */,
			);
			name = Frameworks;
			sourceTree = "<group>";
		};
		AEA5D5021D7F2CEC00D76EBA = {
			isa = PBXGroup;
			children = (
				AE343E681D7F628C008251CA /* Frameworks */,
				AEA5D50D1D7F2CEC00D76EBA /* FrequentFlyer */,
				AEA5D5221D7F2CEC00D76EBA /* FrequentFlyerTests */,
				AEA5D50C1D7F2CEC00D76EBA /* Products */,
			);
			sourceTree = "<group>";
		};
		AEA5D50C1D7F2CEC00D76EBA /* Products */ = {
			isa = PBXGroup;
			children = (
				AEA5D50B1D7F2CEC00D76EBA /* FrequentFlyer.app */,
				AEA5D51F1D7F2CEC00D76EBA /* FrequentFlyerTests.xctest */,
			);
			name = Products;
			sourceTree = "<group>";
		};
		AEA5D50D1D7F2CEC00D76EBA /* FrequentFlyer */ = {
			isa = PBXGroup;
			children = (
				AE343E3A1D7F4FB8008251CA /* LaunchScreen.storyboard */,
				AE343E3B1D7F4FB8008251CA /* Main.storyboard */,
				AEA5D50E1D7F2CEC00D76EBA /* AppDelegate.swift */,
				AEA5D5151D7F2CEC00D76EBA /* Assets.xcassets */,
				AEA5D51A1D7F2CEC00D76EBA /* Info.plist */,
				AE9344D01D81A6D600D6B2A9 /* Error.swift */,
				AE9344D41D81A7DE00D6B2A9 /* BasicError.swift */,
				AE343E3F1D7F50D0008251CA /* TargetListViewController.swift */,
				AE343E711D7F6B15008251CA /* HTTPClient.swift */,
				AE9344CC1D81A55100D6B2A9 /* HTTPResponse.swift */,
				AE343E791D7F77C5008251CA /* TargetListService.swift */,
				AE343E7D1D7F7ABA008251CA /* Target.swift */,
				AE343E7F1D7F7F44008251CA /* TargetListTableViewCell.swift */,
				AE343E831D7F84F9008251CA /* TargetListDataDeserializer.swift */,
				AE343E871D7F8AA9008251CA /* NSUserDefaultsService.swift */,
				AE9652CF1D80415000EDF682 /* DeserializationError.swift */,
				AE9652D11D80457300EDF682 /* Token.swift */,
				AE9653721D80D7AC00EDF682 /* AddTargetViewController.swift */,
				AE9653761D80DC5700EDF682 /* AddTargetDelegate.swift */,
				AE9344C21D80F29E00D6B2A9 /* TokenAuthService.swift */,
				AE9344C61D80FAE700D6B2A9 /* TokenDataDeserializer.swift */,
				AE46027C1D8217C7001D7A34 /* TeamPipelinesViewController.swift */,
				AE4602821D821F4D001D7A34 /* TeamPipelinesService.swift */,
				AE4602861D8220BF001D7A34 /* Pipeline.swift */,
				AE46028A1D82296E001D7A34 /* PipelineTableViewCell.swift */,
				AE46028C1D822BC5001D7A34 /* PipelineDataDeserializer.swift */,
				AE4602911D82E470001D7A34 /* BuildsViewController.swift */,
				AE4602951D82ECE1001D7A34 /* BuildsService.swift */,
				AE4602971D82ED2F001D7A34 /* Build.swift */,
				AE46029D1D82F04F001D7A34 /* BuildsDataDeserializer.swift */,
				AE4602A11D82F65F001D7A34 /* BuildTableViewCell.swift */,
				AE4602A31D82F9E5001D7A34 /* BuildsTableViewHeaderView.swift */,
			);
			path = FrequentFlyer;
			sourceTree = "<group>";
		};
		AEA5D5221D7F2CEC00D76EBA /* FrequentFlyerTests */ = {
			isa = PBXGroup;
			children = (
				AEA5D5251D7F2CEC00D76EBA /* Info.plist */,
				AE343E411D7F5143008251CA /* AppDelegateSpec.swift */,
				AE4602781D81D53D001D7A34 /* BasicErrorSpec.swift */,
				AE343E6F1D7F68D9008251CA /* TargetListViewControllerSpec.swift */,
				AE9344CA1D81A07500D6B2A9 /* HTTPClientSpec.swift */,
				AE9344D61D81AA4E00D6B2A9 /* HTTPResponseImplSpec.swift */,
				AE343E7B1D7F7886008251CA /* TargetListServiceSpec.swift */,
				AE343E851D7F853B008251CA /* TargetListDataDeserializerSpec.swift */,
				AE9652D31D8046F500EDF682 /* TargetSpec.swift */,
				AE9652D51D8048F500EDF682 /* TokenSpec.swift */,
				AE96536F1D80813100EDF682 /* DeserializationErrorSpec.swift */,
				AE9653741D80D81C00EDF682 /* AddTargetViewControllerSpec.swift */,
				AE9344C41D80F2FD00D6B2A9 /* TokenAuthServiceSpec.swift */,
				AE9344C81D80FB0400D6B2A9 /* TokenDataDeserializerSpec.swift */,
				AE46027E1D8217DA001D7A34 /* TeamPipelinesViewControllerSpec.swift */,
				AE4602841D821F64001D7A34 /* TeamPipelinesServiceSpec.swift */,
				AE4602881D8220D7001D7A34 /* PipelineSpec.swift */,
				AE46028E1D822BDC001D7A34 /* PipelineDataDeserializerSpec.swift */,
				AE4602931D82E490001D7A34 /* BuildsViewControllerSpec.swift */,
				AE46029B1D82ED7D001D7A34 /* BuildsServiceSpec.swift */,
				AE4602991D82ED50001D7A34 /* BuildSpec.swift */,
				AE46029F1D82F064001D7A34 /* BuildsDataDeserializerSpec.swift */,
			);
			path = FrequentFlyerTests;
			sourceTree = "<group>";
		};
/* End PBXGroup section */

/* Begin PBXNativeTarget section */
		AEA5D50A1D7F2CEC00D76EBA /* FrequentFlyer */ = {
			isa = PBXNativeTarget;
			buildConfigurationList = AEA5D5281D7F2CEC00D76EBA /* Build configuration list for PBXNativeTarget "FrequentFlyer" */;
			buildPhases = (
				AEA5D5071D7F2CEC00D76EBA /* Sources */,
				AEA5D5081D7F2CEC00D76EBA /* Frameworks */,
				AEA5D5091D7F2CEC00D76EBA /* Resources */,
			);
			buildRules = (
			);
			dependencies = (
			);
			name = FrequentFlyer;
			productName = FrequentFlyer;
			productReference = AEA5D50B1D7F2CEC00D76EBA /* FrequentFlyer.app */;
			productType = "com.apple.product-type.application";
		};
		AEA5D51E1D7F2CEC00D76EBA /* FrequentFlyerTests */ = {
			isa = PBXNativeTarget;
			buildConfigurationList = AEA5D52B1D7F2CEC00D76EBA /* Build configuration list for PBXNativeTarget "FrequentFlyerTests" */;
			buildPhases = (
				AEA5D51B1D7F2CEC00D76EBA /* Sources */,
				AEA5D51C1D7F2CEC00D76EBA /* Frameworks */,
				AEA5D51D1D7F2CEC00D76EBA /* Resources */,
				AE343E671D7F6259008251CA /* Copy Carthage frameworks */,
				AE9653711D80D6D900EDF682 /* Copy Storyboard Info */,
			);
			buildRules = (
			);
			dependencies = (
				AEA5D5211D7F2CEC00D76EBA /* PBXTargetDependency */,
			);
			name = FrequentFlyerTests;
			productName = FrequentFlyerTests;
			productReference = AEA5D51F1D7F2CEC00D76EBA /* FrequentFlyerTests.xctest */;
			productType = "com.apple.product-type.bundle.unit-test";
		};
/* End PBXNativeTarget section */

/* Begin PBXProject section */
		AEA5D5031D7F2CEC00D76EBA /* Project object */ = {
			isa = PBXProject;
			attributes = {
				LastSwiftUpdateCheck = 0730;
				LastUpgradeCheck = 0730;
				ORGANIZATIONNAME = jwfriese;
				TargetAttributes = {
					AEA5D50A1D7F2CEC00D76EBA = {
						CreatedOnToolsVersion = 7.3.1;
					};
					AEA5D51E1D7F2CEC00D76EBA = {
						CreatedOnToolsVersion = 7.3.1;
						TestTargetID = AEA5D50A1D7F2CEC00D76EBA;
					};
				};
			};
			buildConfigurationList = AEA5D5061D7F2CEC00D76EBA /* Build configuration list for PBXProject "FrequentFlyer" */;
			compatibilityVersion = "Xcode 3.2";
			developmentRegion = English;
			hasScannedForEncodings = 0;
			knownRegions = (
				en,
				Base,
			);
			mainGroup = AEA5D5021D7F2CEC00D76EBA;
			productRefGroup = AEA5D50C1D7F2CEC00D76EBA /* Products */;
			projectDirPath = "";
			projectRoot = "";
			targets = (
				AEA5D50A1D7F2CEC00D76EBA /* FrequentFlyer */,
				AEA5D51E1D7F2CEC00D76EBA /* FrequentFlyerTests */,
			);
		};
/* End PBXProject section */

/* Begin PBXResourcesBuildPhase section */
		AEA5D5091D7F2CEC00D76EBA /* Resources */ = {
			isa = PBXResourcesBuildPhase;
			buildActionMask = 2147483647;
			files = (
				AE343E3D1D7F4FB8008251CA /* Main.storyboard in Resources */,
				AEA5D5161D7F2CEC00D76EBA /* Assets.xcassets in Resources */,
				AE343E3C1D7F4FB8008251CA /* LaunchScreen.storyboard in Resources */,
			);
			runOnlyForDeploymentPostprocessing = 0;
		};
		AEA5D51D1D7F2CEC00D76EBA /* Resources */ = {
			isa = PBXResourcesBuildPhase;
			buildActionMask = 2147483647;
			files = (
			);
			runOnlyForDeploymentPostprocessing = 0;
		};
/* End PBXResourcesBuildPhase section */

/* Begin PBXShellScriptBuildPhase section */
		AE343E671D7F6259008251CA /* Copy Carthage frameworks */ = {
			isa = PBXShellScriptBuildPhase;
			buildActionMask = 2147483647;
			files = (
			);
			inputPaths = (
				"$(SRCROOT)/Carthage/Build/iOS/Quick.framework",
				"$(SRCROOT)/Carthage/Build/iOS/Nimble.framework",
				"$(SRCROOT)/Carthage/Build/iOS/Fleet.framework",
				"$(SRCROOT)/Carthage/Build/iOS/SwiftCoreExtensions.framework",
			);
			name = "Copy Carthage frameworks";
			outputPaths = (
			);
			runOnlyForDeploymentPostprocessing = 0;
			shellPath = /bin/sh;
			shellScript = "/usr/local/bin/carthage copy-frameworks";
		};
		AE9653711D80D6D900EDF682 /* Copy Storyboard Info */ = {
			isa = PBXShellScriptBuildPhase;
			buildActionMask = 2147483647;
			files = (
			);
			inputPaths = (
			);
			name = "Copy Storyboard Info";
			outputPaths = (
			);
			runOnlyForDeploymentPostprocessing = 0;
			shellPath = /bin/sh;
			shellScript = $PROJECT_DIR/Carthage/Build/iOS/Fleet.framework/copy_storyboard_info_files.sh;
		};
/* End PBXShellScriptBuildPhase section */

/* Begin PBXSourcesBuildPhase section */
		AEA5D5071D7F2CEC00D76EBA /* Sources */ = {
			isa = PBXSourcesBuildPhase;
			buildActionMask = 2147483647;
			files = (
				AE4602A41D82F9E5001D7A34 /* BuildsTableViewHeaderView.swift in Sources */,
				AE9344D11D81A6D600D6B2A9 /* Error.swift in Sources */,
				AE9652D01D80415000EDF682 /* DeserializationError.swift in Sources */,
				AE9653771D80DC5700EDF682 /* AddTargetDelegate.swift in Sources */,
				AE9344D51D81A7DE00D6B2A9 /* BasicError.swift in Sources */,
				AE4602831D821F4D001D7A34 /* TeamPipelinesService.swift in Sources */,
				AE4602921D82E470001D7A34 /* BuildsViewController.swift in Sources */,
				AE9344C31D80F29E00D6B2A9 /* TokenAuthService.swift in Sources */,
				AE4602981D82ED2F001D7A34 /* Build.swift in Sources */,
				AE343E721D7F6B15008251CA /* HTTPClient.swift in Sources */,
				AE343E841D7F84F9008251CA /* TargetListDataDeserializer.swift in Sources */,
				AE9653731D80D7AC00EDF682 /* AddTargetViewController.swift in Sources */,
				AE343E7E1D7F7ABA008251CA /* Target.swift in Sources */,
				AE343E881D7F8AA9008251CA /* NSUserDefaultsService.swift in Sources */,
				AEA5D50F1D7F2CEC00D76EBA /* AppDelegate.swift in Sources */,
				AE9344C71D80FAE700D6B2A9 /* TokenDataDeserializer.swift in Sources */,
				AE46027D1D8217C7001D7A34 /* TeamPipelinesViewController.swift in Sources */,
				AE46028D1D822BC5001D7A34 /* PipelineDataDeserializer.swift in Sources */,
				AE9652D21D80457300EDF682 /* Token.swift in Sources */,
				AE4602871D8220BF001D7A34 /* Pipeline.swift in Sources */,
				AE46029E1D82F04F001D7A34 /* BuildsDataDeserializer.swift in Sources */,
				AE4602961D82ECE1001D7A34 /* BuildsService.swift in Sources */,
				AE343E7A1D7F77C5008251CA /* TargetListService.swift in Sources */,
				AE4602A21D82F65F001D7A34 /* BuildTableViewCell.swift in Sources */,
				AE9344CD1D81A55100D6B2A9 /* HTTPResponse.swift in Sources */,
				AE46028B1D82296E001D7A34 /* PipelineTableViewCell.swift in Sources */,
				AE343E801D7F7F44008251CA /* TargetListTableViewCell.swift in Sources */,
				AE343E401D7F50D0008251CA /* TargetListViewController.swift in Sources */,
			);
			runOnlyForDeploymentPostprocessing = 0;
		};
		AEA5D51B1D7F2CEC00D76EBA /* Sources */ = {
			isa = PBXSourcesBuildPhase;
			buildActionMask = 2147483647;
			files = (
				AE46029A1D82ED50001D7A34 /* BuildSpec.swift in Sources */,
				AE9653701D80813100EDF682 /* DeserializationErrorSpec.swift in Sources */,
				AE9344C51D80F2FD00D6B2A9 /* TokenAuthServiceSpec.swift in Sources */,
				AE46027F1D8217DA001D7A34 /* TeamPipelinesViewControllerSpec.swift in Sources */,
				AE343E861D7F853B008251CA /* TargetListDataDeserializerSpec.swift in Sources */,
				AE46029C1D82ED7D001D7A34 /* BuildsServiceSpec.swift in Sources */,
				AE4602851D821F64001D7A34 /* TeamPipelinesServiceSpec.swift in Sources */,
				AE343E701D7F68D9008251CA /* TargetListViewControllerSpec.swift in Sources */,
				AE9344CB1D81A07500D6B2A9 /* HTTPClientSpec.swift in Sources */,
				AE4602A01D82F064001D7A34 /* BuildsDataDeserializerSpec.swift in Sources */,
				AE4602891D8220D7001D7A34 /* PipelineSpec.swift in Sources */,
				AE4602941D82E490001D7A34 /* BuildsViewControllerSpec.swift in Sources */,
				AE9344C91D80FB0400D6B2A9 /* TokenDataDeserializerSpec.swift in Sources */,
				AE4602791D81D53D001D7A34 /* BasicErrorSpec.swift in Sources */,
				AE9652D41D8046F500EDF682 /* TargetSpec.swift in Sources */,
				AE9344D71D81AA4E00D6B2A9 /* HTTPResponseImplSpec.swift in Sources */,
				AE46028F1D822BDC001D7A34 /* PipelineDataDeserializerSpec.swift in Sources */,
				AE343E7C1D7F7886008251CA /* TargetListServiceSpec.swift in Sources */,
				AE9653751D80D81C00EDF682 /* AddTargetViewControllerSpec.swift in Sources */,
				AE343E421D7F5143008251CA /* AppDelegateSpec.swift in Sources */,
				AE9652D61D8048F500EDF682 /* TokenSpec.swift in Sources */,
			);
			runOnlyForDeploymentPostprocessing = 0;
		};
/* End PBXSourcesBuildPhase section */

/* Begin PBXTargetDependency section */
		AEA5D5211D7F2CEC00D76EBA /* PBXTargetDependency */ = {
			isa = PBXTargetDependency;
			target = AEA5D50A1D7F2CEC00D76EBA /* FrequentFlyer */;
			targetProxy = AEA5D5201D7F2CEC00D76EBA /* PBXContainerItemProxy */;
		};
/* End PBXTargetDependency section */

/* Begin XCBuildConfiguration section */
		AEA5D5261D7F2CEC00D76EBA /* Debug */ = {
			isa = XCBuildConfiguration;
			buildSettings = {
				ALWAYS_SEARCH_USER_PATHS = NO;
				CLANG_ANALYZER_NONNULL = YES;
				CLANG_CXX_LANGUAGE_STANDARD = "gnu++0x";
				CLANG_CXX_LIBRARY = "libc++";
				CLANG_ENABLE_MODULES = YES;
				CLANG_ENABLE_OBJC_ARC = YES;
				CLANG_WARN_BOOL_CONVERSION = YES;
				CLANG_WARN_CONSTANT_CONVERSION = YES;
				CLANG_WARN_DIRECT_OBJC_ISA_USAGE = YES_ERROR;
				CLANG_WARN_EMPTY_BODY = YES;
				CLANG_WARN_ENUM_CONVERSION = YES;
				CLANG_WARN_INT_CONVERSION = YES;
				CLANG_WARN_OBJC_ROOT_CLASS = YES_ERROR;
				CLANG_WARN_UNREACHABLE_CODE = YES;
				CLANG_WARN__DUPLICATE_METHOD_MATCH = YES;
				"CODE_SIGN_IDENTITY[sdk=iphoneos*]" = "iPhone Developer";
				COPY_PHASE_STRIP = NO;
				DEBUG_INFORMATION_FORMAT = dwarf;
				ENABLE_STRICT_OBJC_MSGSEND = YES;
				ENABLE_TESTABILITY = YES;
				GCC_C_LANGUAGE_STANDARD = gnu99;
				GCC_DYNAMIC_NO_PIC = NO;
				GCC_NO_COMMON_BLOCKS = YES;
				GCC_OPTIMIZATION_LEVEL = 0;
				GCC_PREPROCESSOR_DEFINITIONS = (
					"DEBUG=1",
					"$(inherited)",
				);
				GCC_WARN_64_TO_32_BIT_CONVERSION = YES;
				GCC_WARN_ABOUT_RETURN_TYPE = YES_ERROR;
				GCC_WARN_UNDECLARED_SELECTOR = YES;
				GCC_WARN_UNINITIALIZED_AUTOS = YES_AGGRESSIVE;
				GCC_WARN_UNUSED_FUNCTION = YES;
				GCC_WARN_UNUSED_VARIABLE = YES;
				IPHONEOS_DEPLOYMENT_TARGET = 9.3;
				MTL_ENABLE_DEBUG_INFO = YES;
				ONLY_ACTIVE_ARCH = YES;
				SDKROOT = iphoneos;
				SWIFT_OPTIMIZATION_LEVEL = "-Onone";
				TARGETED_DEVICE_FAMILY = "1,2";
			};
			name = Debug;
		};
		AEA5D5271D7F2CEC00D76EBA /* Release */ = {
			isa = XCBuildConfiguration;
			buildSettings = {
				ALWAYS_SEARCH_USER_PATHS = NO;
				CLANG_ANALYZER_NONNULL = YES;
				CLANG_CXX_LANGUAGE_STANDARD = "gnu++0x";
				CLANG_CXX_LIBRARY = "libc++";
				CLANG_ENABLE_MODULES = YES;
				CLANG_ENABLE_OBJC_ARC = YES;
				CLANG_WARN_BOOL_CONVERSION = YES;
				CLANG_WARN_CONSTANT_CONVERSION = YES;
				CLANG_WARN_DIRECT_OBJC_ISA_USAGE = YES_ERROR;
				CLANG_WARN_EMPTY_BODY = YES;
				CLANG_WARN_ENUM_CONVERSION = YES;
				CLANG_WARN_INT_CONVERSION = YES;
				CLANG_WARN_OBJC_ROOT_CLASS = YES_ERROR;
				CLANG_WARN_UNREACHABLE_CODE = YES;
				CLANG_WARN__DUPLICATE_METHOD_MATCH = YES;
				"CODE_SIGN_IDENTITY[sdk=iphoneos*]" = "iPhone Developer";
				COPY_PHASE_STRIP = NO;
				DEBUG_INFORMATION_FORMAT = "dwarf-with-dsym";
				ENABLE_NS_ASSERTIONS = NO;
				ENABLE_STRICT_OBJC_MSGSEND = YES;
				GCC_C_LANGUAGE_STANDARD = gnu99;
				GCC_NO_COMMON_BLOCKS = YES;
				GCC_WARN_64_TO_32_BIT_CONVERSION = YES;
				GCC_WARN_ABOUT_RETURN_TYPE = YES_ERROR;
				GCC_WARN_UNDECLARED_SELECTOR = YES;
				GCC_WARN_UNINITIALIZED_AUTOS = YES_AGGRESSIVE;
				GCC_WARN_UNUSED_FUNCTION = YES;
				GCC_WARN_UNUSED_VARIABLE = YES;
				IPHONEOS_DEPLOYMENT_TARGET = 9.3;
				MTL_ENABLE_DEBUG_INFO = NO;
				SDKROOT = iphoneos;
				TARGETED_DEVICE_FAMILY = "1,2";
				VALIDATE_PRODUCT = YES;
			};
			name = Release;
		};
		AEA5D5291D7F2CEC00D76EBA /* Debug */ = {
			isa = XCBuildConfiguration;
			buildSettings = {
				APP_DELEGATE_NAME = AppDelegate;
				ASSETCATALOG_COMPILER_APPICON_NAME = AppIcon;
				INFOPLIST_FILE = FrequentFlyer/Info.plist;
				LD_RUNPATH_SEARCH_PATHS = "$(inherited) @executable_path/Frameworks";
				PRODUCT_BUNDLE_IDENTIFIER = jwfriese.FrequentFlyer;
				PRODUCT_NAME = "$(TARGET_NAME)";
			};
			name = Debug;
		};
		AEA5D52A1D7F2CEC00D76EBA /* Release */ = {
			isa = XCBuildConfiguration;
			buildSettings = {
				APP_DELEGATE_NAME = AppDelegate;
				ASSETCATALOG_COMPILER_APPICON_NAME = AppIcon;
				INFOPLIST_FILE = FrequentFlyer/Info.plist;
				LD_RUNPATH_SEARCH_PATHS = "$(inherited) @executable_path/Frameworks";
				PRODUCT_BUNDLE_IDENTIFIER = jwfriese.FrequentFlyer;
				PRODUCT_NAME = "$(TARGET_NAME)";
			};
			name = Release;
		};
		AEA5D52C1D7F2CEC00D76EBA /* Debug */ = {
			isa = XCBuildConfiguration;
			buildSettings = {
				BUNDLE_LOADER = "$(TEST_HOST)";
				CLANG_ENABLE_MODULES = YES;
				FRAMEWORK_SEARCH_PATHS = (
					"$(inherited)",
					"$(PROJECT_DIR)/Carthage/Build/iOS",
				);
				INFOPLIST_FILE = FrequentFlyerTests/Info.plist;
				LD_RUNPATH_SEARCH_PATHS = "$(inherited) @executable_path/Frameworks @loader_path/Frameworks";
				PRODUCT_BUNDLE_IDENTIFIER = jwfriese.FrequentFlyerTests;
				PRODUCT_NAME = "$(TARGET_NAME)";
				SWIFT_OPTIMIZATION_LEVEL = "-Onone";
				TEST_HOST = "$(BUILT_PRODUCTS_DIR)/FrequentFlyer.app/FrequentFlyer";
			};
			name = Debug;
		};
		AEA5D52D1D7F2CEC00D76EBA /* Release */ = {
			isa = XCBuildConfiguration;
			buildSettings = {
				BUNDLE_LOADER = "$(TEST_HOST)";
				CLANG_ENABLE_MODULES = YES;
				FRAMEWORK_SEARCH_PATHS = (
					"$(inherited)",
					"$(PROJECT_DIR)/Carthage/Build/iOS",
				);
				INFOPLIST_FILE = FrequentFlyerTests/Info.plist;
				LD_RUNPATH_SEARCH_PATHS = "$(inherited) @executable_path/Frameworks @loader_path/Frameworks";
				PRODUCT_BUNDLE_IDENTIFIER = jwfriese.FrequentFlyerTests;
				PRODUCT_NAME = "$(TARGET_NAME)";
				TEST_HOST = "$(BUILT_PRODUCTS_DIR)/FrequentFlyer.app/FrequentFlyer";
			};
			name = Release;
		};
/* End XCBuildConfiguration section */

/* Begin XCConfigurationList section */
		AEA5D5061D7F2CEC00D76EBA /* Build configuration list for PBXProject "FrequentFlyer" */ = {
			isa = XCConfigurationList;
			buildConfigurations = (
				AEA5D5261D7F2CEC00D76EBA /* Debug */,
				AEA5D5271D7F2CEC00D76EBA /* Release */,
			);
			defaultConfigurationIsVisible = 0;
			defaultConfigurationName = Release;
		};
		AEA5D5281D7F2CEC00D76EBA /* Build configuration list for PBXNativeTarget "FrequentFlyer" */ = {
			isa = XCConfigurationList;
			buildConfigurations = (
				AEA5D5291D7F2CEC00D76EBA /* Debug */,
				AEA5D52A1D7F2CEC00D76EBA /* Release */,
			);
			defaultConfigurationIsVisible = 0;
			defaultConfigurationName = Release;
		};
		AEA5D52B1D7F2CEC00D76EBA /* Build configuration list for PBXNativeTarget "FrequentFlyerTests" */ = {
			isa = XCConfigurationList;
			buildConfigurations = (
				AEA5D52C1D7F2CEC00D76EBA /* Debug */,
				AEA5D52D1D7F2CEC00D76EBA /* Release */,
			);
			defaultConfigurationIsVisible = 0;
			defaultConfigurationName = Release;
		};
/* End XCConfigurationList section */
	};
	rootObject = AEA5D5031D7F2CEC00D76EBA /* Project object */;
}
